
Microsoft Visual Studio Solution File, Format Version 12.00
# Visual Studio 15
VisualStudioVersion = 15.0.28307.960
MinimumVisualStudioVersion = 10.0.40219.1
Project("{8BC9CEB8-8B4A-11D0-8D11-00A0C91BC942}") = "projekt-plecak", "projekt-plecak\projekt-plecak.vcxproj", "{6863A988-D3A6-4197-B549-9CDE4F1A7671}"
EndProject
Global
	GlobalSection(SolutionConfigurationPlatforms) = preSolution
		Debug|x64 = Debug|x64
		Debug|x86 = Debug|x86
		Release|x64 = Release|x64
		Release|x86 = Release|x86
	EndGlobalSection
	GlobalSection(ProjectConfigurationPlatforms) = postSolution
		{6863A988-D3A6-4197-B549-9CDE4F1A7671}.Debug|x64.ActiveCfg = Debug|x64
		{6863A988-D3A6-4197-B549-9CDE4F1A7671}.Debug|x64.Build.0 = Debug|x64
		{6863A988-D3A6-4197-B549-9CDE4F1A7671}.Debug|x86.ActiveCfg = Debug|Win32
		{6863A988-D3A6-4197-B549-9CDE4F1A7671}.Debug|x86.Build.0 = Debug|Win32
		{6863A988-D3A6-4197-B549-9CDE4F1A7671}.Release|x64.ActiveCfg = Release|x64
		{6863A988-D3A6-4197-B549-9CDE4F1A7671}.Release|x64.Build.0 = Release|x64
		{6863A988-D3A6-4197-B549-9CDE4F1A7671}.Release|x86.ActiveCfg = Release|Win32
		{6863A988-D3A6-4197-B549-9CDE4F1A7671}.Release|x86.Build.0 = Release|Win32
	EndGlobalSection
	GlobalSection(SolutionProperties) = preSolution
		HideSolutionNode = FALSE
	EndGlobalSection
	GlobalSection(ExtensibilityGlobals) = postSolution
		SolutionGuid = {1211BAE8-7D21-4D48-894C-B689C934C1A0}
	EndGlobalSection
EndGlobal
